// !$*UTF8*$!
{
	archiveVersion = 1;
	classes = {
	};
	objectVersion = 50;
	objects = {

/* Begin PBXBuildFile section */
		32444B9F25E0AE49008E4540 /* ItemRow.swift in Sources */ = {isa = PBXBuildFile; fileRef = 32444B9E25E0AE49008E4540 /* ItemRow.swift */; };
		324E75FE25E0C0C3000EE967 /* Cart.swift in Sources */ = {isa = PBXBuildFile; fileRef = 324E75FD25E0C0C3000EE967 /* Cart.swift */; };
		324E760225E0C324000EE967 /* CartView.swift in Sources */ = {isa = PBXBuildFile; fileRef = 324E760125E0C324000EE967 /* CartView.swift */; };
		324E760525E18EFE000EE967 /* ActivityCard.swift in Sources */ = {isa = PBXBuildFile; fileRef = 324E760425E18EFE000EE967 /* ActivityCard.swift */; };
		32C0778A25E0269300E77689 /* RecCenterDemoApp.swift in Sources */ = {isa = PBXBuildFile; fileRef = 32C0778925E0269300E77689 /* RecCenterDemoApp.swift */; };
		32C0778C25E0269300E77689 /* ContentView.swift in Sources */ = {isa = PBXBuildFile; fileRef = 32C0778B25E0269300E77689 /* ContentView.swift */; };
		32C0778E25E0269A00E77689 /* Assets.xcassets in Resources */ = {isa = PBXBuildFile; fileRef = 32C0778D25E0269A00E77689 /* Assets.xcassets */; };
		32C0779125E0269A00E77689 /* Preview Assets.xcassets in Resources */ = {isa = PBXBuildFile; fileRef = 32C0779025E0269A00E77689 /* Preview Assets.xcassets */; };
/* End PBXBuildFile section */

/* Begin PBXFileReference section */
		32444B9E25E0AE49008E4540 /* ItemRow.swift */ = {isa = PBXFileReference; lastKnownFileType = sourcecode.swift; path = ItemRow.swift; sourceTree = "<group>"; };
		324E75FD25E0C0C3000EE967 /* Cart.swift */ = {isa = PBXFileReference; lastKnownFileType = sourcecode.swift; path = Cart.swift; sourceTree = "<group>"; };
		324E760125E0C324000EE967 /* CartView.swift */ = {isa = PBXFileReference; lastKnownFileType = sourcecode.swift; path = CartView.swift; sourceTree = "<group>"; };
		324E760425E18EFE000EE967 /* ActivityCard.swift */ = {isa = PBXFileReference; lastKnownFileType = sourcecode.swift; path = ActivityCard.swift; sourceTree = "<group>"; };
		32C0778625E0269300E77689 /* RecCenterDemo.app */ = {isa = PBXFileReference; explicitFileType = wrapper.application; includeInIndex = 0; path = RecCenterDemo.app; sourceTree = BUILT_PRODUCTS_DIR; };
		32C0778925E0269300E77689 /* RecCenterDemoApp.swift */ = {isa = PBXFileReference; lastKnownFileType = sourcecode.swift; path = RecCenterDemoApp.swift; sourceTree = "<group>"; };
		32C0778B25E0269300E77689 /* ContentView.swift */ = {isa = PBXFileReference; lastKnownFileType = sourcecode.swift; path = ContentView.swift; sourceTree = "<group>"; };
		32C0778D25E0269A00E77689 /* Assets.xcassets */ = {isa = PBXFileReference; lastKnownFileType = folder.assetcatalog; path = Assets.xcassets; sourceTree = "<group>"; };
		32C0779025E0269A00E77689 /* Preview Assets.xcassets */ = {isa = PBXFileReference; lastKnownFileType = folder.assetcatalog; path = "Preview Assets.xcassets"; sourceTree = "<group>"; };
		32C0779225E0269A00E77689 /* Info.plist */ = {isa = PBXFileReference; lastKnownFileType = text.plist.xml; path = Info.plist; sourceTree = "<group>"; };
/* End PBXFileReference section */

/* Begin PBXFrameworksBuildPhase section */
		32C0778325E0269300E77689 /* Frameworks */ = {
			isa = PBXFrameworksBuildPhase;
			buildActionMask = 2147483647;
			files = (
			);
			runOnlyForDeploymentPostprocessing = 0;
		};
/* End PBXFrameworksBuildPhase section */

/* Begin PBXGroup section */
		32C0777D25E0269200E77689 = {
			isa = PBXGroup;
			children = (
				32C0778825E0269300E77689 /* RecCenterDemo */,
				32C0778725E0269300E77689 /* Products */,
			);
			sourceTree = "<group>";
		};
		32C0778725E0269300E77689 /* Products */ = {
			isa = PBXGroup;
			children = (
				32C0778625E0269300E77689 /* RecCenterDemo.app */,
			);
			name = Products;
			sourceTree = "<group>";
		};
		32C0778825E0269300E77689 /* RecCenterDemo */ = {
			isa = PBXGroup;
			children = (
				32C0778925E0269300E77689 /* RecCenterDemoApp.swift */,
				32C0778B25E0269300E77689 /* ContentView.swift */,
				324E760425E18EFE000EE967 /* ActivityCard.swift */,
				324E760125E0C324000EE967 /* CartView.swift */,
				324E75FD25E0C0C3000EE967 /* Cart.swift */,
				32444B9E25E0AE49008E4540 /* ItemRow.swift */,
				32C0778D25E0269A00E77689 /* Assets.xcassets */,
				32C0779225E0269A00E77689 /* Info.plist */,
				32C0778F25E0269A00E77689 /* Preview Content */,
			);
			path = RecCenterDemo;
			sourceTree = "<group>";
		};
		32C0778F25E0269A00E77689 /* Preview Content */ = {
			isa = PBXGroup;
			children = (
				32C0779025E0269A00E77689 /* Preview Assets.xcassets */,
			);
			path = "Preview Content";
			sourceTree = "<group>";
		};
/* End PBXGroup section */

/* Begin PBXNativeTarget section */
		32C0778525E0269300E77689 /* RecCenterDemo */ = {
			isa = PBXNativeTarget;
			buildConfigurationList = 32C0779525E0269A00E77689 /* Build configuration list for PBXNativeTarget "RecCenterDemo" */;
			buildPhases = (
				32C0778225E0269300E77689 /* Sources */,
				32C0778325E0269300E77689 /* Frameworks */,
				32C0778425E0269300E77689 /* Resources */,
			);
			buildRules = (
			);
			dependencies = (
			);
			name = RecCenterDemo;
			productName = RecCenterDemo;
			productReference = 32C0778625E0269300E77689 /* RecCenterDemo.app */;
			productType = "com.apple.product-type.application";
		};
/* End PBXNativeTarget section */

/* Begin PBXProject section */
		32C0777E25E0269200E77689 /* Project object */ = {
			isa = PBXProject;
			attributes = {
				LastSwiftUpdateCheck = 1240;
				LastUpgradeCheck = 1240;
				TargetAttributes = {
					32C0778525E0269300E77689 = {
						CreatedOnToolsVersion = 12.4;
					};
				};
			};
			buildConfigurationList = 32C0778125E0269200E77689 /* Build configuration list for PBXProject "RecCenterDemo" */;
			compatibilityVersion = "Xcode 9.3";
			developmentRegion = en;
			hasScannedForEncodings = 0;
			knownRegions = (
				en,
				Base,
			);
			mainGroup = 32C0777D25E0269200E77689;
			productRefGroup = 32C0778725E0269300E77689 /* Products */;
			projectDirPath = "";
			projectRoot = "";
			targets = (
				32C0778525E0269300E77689 /* RecCenterDemo */,
			);
		};
/* End PBXProject section */

/* Begin PBXResourcesBuildPhase section */
		32C0778425E0269300E77689 /* Resources */ = {
			isa = PBXResourcesBuildPhase;
			buildActionMask = 2147483647;
			files = (
				32C0779125E0269A00E77689 /* Preview Assets.xcassets in Resources */,
				32C0778E25E0269A00E77689 /* Assets.xcassets in Resources */,
			);
			runOnlyForDeploymentPostprocessing = 0;
		};
/* End PBXResourcesBuildPhase section */

/* Begin PBXSourcesBuildPhase section */
		32C0778225E0269300E77689 /* Sources */ = {
			isa = PBXSourcesBuildPhase;
			buildActionMask = 2147483647;
			files = (
				324E760225E0C324000EE967 /* CartView.swift in Sources */,
				32C0778C25E0269300E77689 /* ContentView.swift in Sources */,
				324E760525E18EFE000EE967 /* ActivityCard.swift in Sources */,
				324E75FE25E0C0C3000EE967 /* Cart.swift in Sources */,
				32C0778A25E0269300E77689 /* RecCenterDemoApp.swift in Sources */,
				32444B9F25E0AE49008E4540 /* ItemRow.swift in Sources */,
			);
			runOnlyForDeploymentPostprocessing = 0;
		};
/* End PBXSourcesBuildPhase section */

/* Begin XCBuildConfiguration section */
		32C0779325E0269A00E77689 /* Debug */ = {
			isa = XCBuildConfiguration;
			buildSettings = {
				ALWAYS_SEARCH_USER_PATHS = NO;
				CLANG_ANALYZER_NONNULL = YES;
				CLANG_ANALYZER_NUMBER_OBJECT_CONVERSION = YES_AGGRESSIVE;
				CLANG_CXX_LANGUAGE_STANDARD = "gnu++14";
				CLANG_CXX_LIBRARY = "libc++";
				CLANG_ENABLE_MODULES = YES;
				CLANG_ENABLE_OBJC_ARC = YES;
				CLANG_ENABLE_OBJC_WEAK = YES;
				CLANG_WARN_BLOCK_CAPTURE_AUTORELEASING = YES;
				CLANG_WARN_BOOL_CONVERSION = YES;
				CLANG_WARN_COMMA = YES;
				CLANG_WARN_CONSTANT_CONVERSION = YES;
				CLANG_WARN_DEPRECATED_OBJC_IMPLEMENTATIONS = YES;
				CLANG_WARN_DIRECT_OBJC_ISA_USAGE = YES_ERROR;
				CLANG_WARN_DOCUMENTATION_COMMENTS = YES;
				CLANG_WARN_EMPTY_BODY = YES;
				CLANG_WARN_ENUM_CONVERSION = YES;
				CLANG_WARN_INFINITE_RECURSION = YES;
				CLANG_WARN_INT_CONVERSION = YES;
				CLANG_WARN_NON_LITERAL_NULL_CONVERSION = YES;
				CLANG_WARN_OBJC_IMPLICIT_RETAIN_SELF = YES;
				CLANG_WARN_OBJC_LITERAL_CONVERSION = YES;
				CLANG_WARN_OBJC_ROOT_CLASS = YES_ERROR;
				CLANG_WARN_QUOTED_INCLUDE_IN_FRAMEWORK_HEADER = YES;
				CLANG_WARN_RANGE_LOOP_ANALYSIS = YES;
				CLANG_WARN_STRICT_PROTOTYPES = YES;
				CLANG_WARN_SUSPICIOUS_MOVE = YES;
				CLANG_WARN_UNGUARDED_AVAILABILITY = YES_AGGRESSIVE;
				CLANG_WARN_UNREACHABLE_CODE = YES;
				CLANG_WARN__DUPLICATE_METHOD_MATCH = YES;
				COPY_PHASE_STRIP = NO;
				DEBUG_INFORMATION_FORMAT = dwarf;
				ENABLE_STRICT_OBJC_MSGSEND = YES;
				ENABLE_TESTABILITY = YES;
				GCC_C_LANGUAGE_STANDARD = gnu11;
				GCC_DYNAMIC_NO_PIC = NO;
				GCC_NO_COMMON_BLOCKS = YES;
				GCC_OPTIMIZATION_LEVEL = 0;
				GCC_PREPROCESSOR_DEFINITIONS = (
					"DEBUG=1",
					"$(inherited)",
				);
				GCC_WARN_64_TO_32_BIT_CONVERSION = YES;
				GCC_WARN_ABOUT_RETURN_TYPE = YES_ERROR;
				GCC_WARN_UNDECLARED_SELECTOR = YES;
				GCC_WARN_UNINITIALIZED_AUTOS = YES_AGGRESSIVE;
				GCC_WARN_UNUSED_FUNCTION = YES;
				GCC_WARN_UNUSED_VARIABLE = YES;
				IPHONEOS_DEPLOYMENT_TARGET = 14.4;
				MTL_ENABLE_DEBUG_INFO = INCLUDE_SOURCE;
				MTL_FAST_MATH = YES;
				ONLY_ACTIVE_ARCH = YES;
				SDKROOT = iphoneos;
				SWIFT_ACTIVE_COMPILATION_CONDITIONS = DEBUG;
				SWIFT_OPTIMIZATION_LEVEL = "-Onone";
			};
			name = Debug;
		};
		32C0779425E0269A00E77689 /* Release */ = {
			isa = XCBuildConfiguration;
			buildSettings = {
				ALWAYS_SEARCH_USER_PATHS = NO;
				CLANG_ANALYZER_NONNULL = YES;
				CLANG_ANALYZER_NUMBER_OBJECT_CONVERSION = YES_AGGRESSIVE;
				CLANG_CXX_LANGUAGE_STANDARD = "gnu++14";
				CLANG_CXX_LIBRARY = "libc++";
				CLANG_ENABLE_MODULES = YES;
				CLANG_ENABLE_OBJC_ARC = YES;
				CLANG_ENABLE_OBJC_WEAK = YES;
				CLANG_WARN_BLOCK_CAPTURE_AUTORELEASING = YES;
				CLANG_WARN_BOOL_CONVERSION = YES;
				CLANG_WARN_COMMA = YES;
				CLANG_WARN_CONSTANT_CONVERSION = YES;
				CLANG_WARN_DEPRECATED_OBJC_IMPLEMENTATIONS = YES;
				CLANG_WARN_DIRECT_OBJC_ISA_USAGE = YES_ERROR;
				CLANG_WARN_DOCUMENTATION_COMMENTS = YES;
				CLANG_WARN_EMPTY_BODY = YES;
				CLANG_WARN_ENUM_CONVERSION = YES;
				CLANG_WARN_INFINITE_RECURSION = YES;
				CLANG_WARN_INT_CONVERSION = YES;
				CLANG_WARN_NON_LITERAL_NULL_CONVERSION = YES;
				CLANG_WARN_OBJC_IMPLICIT_RETAIN_SELF = YES;
				CLANG_WARN_OBJC_LITERAL_CONVERSION = YES;
				CLANG_WARN_OBJC_ROOT_CLASS = YES_ERROR;
				CLANG_WARN_QUOTED_INCLUDE_IN_FRAMEWORK_HEADER = YES;
				CLANG_WARN_RANGE_LOOP_ANALYSIS = YES;
				CLANG_WARN_STRICT_PROTOTYPES = YES;
				CLANG_WARN_SUSPICIOUS_MOVE = YES;
				CLANG_WARN_UNGUARDED_AVAILABILITY = YES_AGGRESSIVE;
				CLANG_WARN_UNREACHABLE_CODE = YES;
				CLANG_WARN__DUPLICATE_METHOD_MATCH = YES;
				COPY_PHASE_STRIP = NO;
				DEBUG_INFORMATION_FORMAT = "dwarf-with-dsym";
				ENABLE_NS_ASSERTIONS = NO;
				ENABLE_STRICT_OBJC_MSGSEND = YES;
				GCC_C_LANGUAGE_STANDARD = gnu11;
				GCC_NO_COMMON_BLOCKS = YES;
				GCC_WARN_64_TO_32_BIT_CONVERSION = YES;
				GCC_WARN_ABOUT_RETURN_TYPE = YES_ERROR;
				GCC_WARN_UNDECLARED_SELECTOR = YES;
				GCC_WARN_UNINITIALIZED_AUTOS = YES_AGGRESSIVE;
				GCC_WARN_UNUSED_FUNCTION = YES;
				GCC_WARN_UNUSED_VARIABLE = YES;
				IPHONEOS_DEPLOYMENT_TARGET = 14.4;
				MTL_ENABLE_DEBUG_INFO = NO;
				MTL_FAST_MATH = YES;
				SDKROOT = iphoneos;
				SWIFT_COMPILATION_MODE = wholemodule;
				SWIFT_OPTIMIZATION_LEVEL = "-O";
				VALIDATE_PRODUCT = YES;
			};
			name = Release;
		};
		32C0779625E0269A00E77689 /* Debug */ = {
			isa = XCBuildConfiguration;
			buildSettings = {
				ASSETCATALOG_COMPILER_APPICON_NAME = AppIcon;
				ASSETCATALOG_COMPILER_GLOBAL_ACCENT_COLOR_NAME = AccentColor;
				CODE_SIGN_STYLE = Automatic;
				DEVELOPMENT_ASSET_PATHS = "\"RecCenterDemo/Preview Content\"";
				ENABLE_PREVIEWS = YES;
				INFOPLIST_FILE = RecCenterDemo/Info.plist;
				IPHONEOS_DEPLOYMENT_TARGET = 14.0;
				LD_RUNPATH_SEARCH_PATHS = (
					"$(inherited)",
					"@executable_path/Frameworks",
				);
				PRODUCT_BUNDLE_IDENTIFIER = com.AmtronIndustries.RecCenterDemo;
				PRODUCT_NAME = "$(TARGET_NAME)";
				SWIFT_VERSION = 5.0;
				TARGETED_DEVICE_FAMILY = "1,2";
			};
			name = Debug;
		};
		32C0779725E0269A00E77689 /* Release */ = {
			isa = XCBuildConfiguration;
			buildSettings = {
				ASSETCATALOG_COMPILER_APPICON_NAME = AppIcon;
				ASSETCATALOG_COMPILER_GLOBAL_ACCENT_COLOR_NAME = AccentColor;
				CODE_SIGN_STYLE = Automatic;
				DEVELOPMENT_ASSET_PATHS = "\"RecCenterDemo/Preview Content\"";
				ENABLE_PREVIEWS = YES;
				INFOPLIST_FILE = RecCenterDemo/Info.plist;
				IPHONEOS_DEPLOYMENT_TARGET = 14.0;
				LD_RUNPATH_SEARCH_PATHS = (
					"$(inherited)",
					"@executable_path/Frameworks",
				);
				PRODUCT_BUNDLE_IDENTIFIER = com.AmtronIndustries.RecCenterDemo;
				PRODUCT_NAME = "$(TARGET_NAME)";
				SWIFT_VERSION = 5.0;
				TARGETED_DEVICE_FAMILY = "1,2";
			};
			name = Release;
		};
/* End XCBuildConfiguration section */

/* Begin XCConfigurationList section */
		32C0778125E0269200E77689 /* Build configuration list for PBXProject "RecCenterDemo" */ = {
			isa = XCConfigurationList;
			buildConfigurations = (
				32C0779325E0269A00E77689 /* Debug */,
				32C0779425E0269A00E77689 /* Release */,
			);
			defaultConfigurationIsVisible = 0;
			defaultConfigurationName = Release;
		};
		32C0779525E0269A00E77689 /* Build configuration list for PBXNativeTarget "RecCenterDemo" */ = {
			isa = XCConfigurationList;
			buildConfigurations = (
				32C0779625E0269A00E77689 /* Debug */,
				32C0779725E0269A00E77689 /* Release */,
			);
			defaultConfigurationIsVisible = 0;
			defaultConfigurationName = Release;
		};
/* End XCConfigurationList section */
	};
	rootObject = 32C0777E25E0269200E77689 /* Project object */;
}
